
Microsoft Visual Studio Solution File, Format Version 12.00
# Visual Studio Version 16
VisualStudioVersion = 16.0.30907.101
MinimumVisualStudioVersion = 10.0.40219.1
Project("{FAE04EC0-301F-11D3-BF4B-00C04F79EFBC}") = "EmitLog", "EmitLog\EmitLog.csproj", "{4DC4D8C2-D08A-4D7C-B796-F4F5450F3838}"
EndProject
Project("{FAE04EC0-301F-11D3-BF4B-00C04F79EFBC}") = "ReceiveLog", "ReceiveLog\ReceiveLog.csproj", "{A4FAD3B7-99FA-428D-BDE6-D03E5C564F57}"
EndProject
Global
	GlobalSection(SolutionConfigurationPlatforms) = preSolution
		Debug|Any CPU = Debug|Any CPU
		Release|Any CPU = Release|Any CPU
	EndGlobalSection
	GlobalSection(ProjectConfigurationPlatforms) = postSolution
		{4DC4D8C2-D08A-4D7C-B796-F4F5450F3838}.Debug|Any CPU.ActiveCfg = Debug|Any CPU
		{4DC4D8C2-D08A-4D7C-B796-F4F5450F3838}.Debug|Any CPU.Build.0 = Debug|Any CPU
		{4DC4D8C2-D08A-4D7C-B796-F4F5450F3838}.Release|Any CPU.ActiveCfg = Release|Any CPU
		{4DC4D8C2-D08A-4D7C-B796-F4F5450F3838}.Release|Any CPU.Build.0 = Release|Any CPU
		{A4FAD3B7-99FA-428D-BDE6-D03E5C564F57}.Debug|Any CPU.ActiveCfg = Debug|Any CPU
		{A4FAD3B7-99FA-428D-BDE6-D03E5C564F57}.Debug|Any CPU.Build.0 = Debug|Any CPU
		{A4FAD3B7-99FA-428D-BDE6-D03E5C564F57}.Release|Any CPU.ActiveCfg = Release|Any CPU
		{A4FAD3B7-99FA-428D-BDE6-D03E5C564F57}.Release|Any CPU.Build.0 = Release|Any CPU
	EndGlobalSection
	GlobalSection(SolutionProperties) = preSolution
		HideSolutionNode = FALSE
	EndGlobalSection
	GlobalSection(ExtensibilityGlobals) = postSolution
		SolutionGuid = {F0AB2965-D0BC-4076-9057-4BD8F2588B6F}
	EndGlobalSection
EndGlobal
